Microsoft Visual Studio Solution File, Format Version 12.00
Project("{FAE04EC0-301F-11D3-BF4B-00C04F79EFBC}") = "PayNow.Libraries.ComplyAdvantageClient", "src\PayNow.Libraries.ComplyAdvantageClient\PayNow.Libraries.ComplyAdvantageClient.csproj", "{E330374E-CA0E-4B88-9645-A521CECD11A6}"
EndProject
Global
	GlobalSection(SolutionConfigurationPlatforms) = preSolution
		Debug|Any CPU = Debug|Any CPU
		Release|Any CPU = Release|Any CPU
	EndGlobalSection
	GlobalSection(ProjectConfigurationPlatforms) = postSolution
		{E330374E-CA0E-4B88-9645-A521CECD11A6}.Debug|Any CPU.ActiveCfg = Debug|Any CPU
		{E330374E-CA0E-4B88-9645-A521CECD11A6}.Debug|Any CPU.Build.0 = Debug|Any CPU
		{E330374E-CA0E-4B88-9645-A521CECD11A6}.Release|Any CPU.ActiveCfg = Release|Any CPU
		{E330374E-CA0E-4B88-9645-A521CECD11A6}.Release|Any CPU.Build.0 = Release|Any CPU
	EndGlobalSection
EndGlobal